
Microsoft Visual Studio Solution File, Format Version 12.00
# Visual Studio Version 16
VisualStudioVersion = 16.0.32228.343
MinimumVisualStudioVersion = 10.0.40219.1
Project("{FAE04EC0-301F-11D3-BF4B-00C04F79EFBC}") = "wyplacic_10_zl", "wyplacic_10_zl\wyplacic_10_zl.csproj", "{BECD439A-82B0-4390-93F8-1BC4E9623433}"
EndProject
Global
	GlobalSection(SolutionConfigurationPlatforms) = preSolution
		Debug|Any CPU = Debug|Any CPU
		Release|Any CPU = Release|Any CPU
	EndGlobalSection
	GlobalSection(ProjectConfigurationPlatforms) = postSolution
		{BECD439A-82B0-4390-93F8-1BC4E9623433}.Debug|Any CPU.ActiveCfg = Debug|Any CPU
		{BECD439A-82B0-4390-93F8-1BC4E9623433}.Debug|Any CPU.Build.0 = Debug|Any CPU
		{BECD439A-82B0-4390-93F8-1BC4E9623433}.Release|Any CPU.ActiveCfg = Release|Any CPU
		{BECD439A-82B0-4390-93F8-1BC4E9623433}.Release|Any CPU.Build.0 = Release|Any CPU
	EndGlobalSection
	GlobalSection(SolutionProperties) = preSolution
		HideSolutionNode = FALSE
	EndGlobalSection
	GlobalSection(ExtensibilityGlobals) = postSolution
		SolutionGuid = {012F4CE3-F8B2-4A9A-97C9-7EDD59BFBAD7}
	EndGlobalSection
EndGlobal
